
Microsoft Visual Studio Solution File, Format Version 12.00
# Visual Studio Version 17
VisualStudioVersion = 17.14.36401.2 d17.14
MinimumVisualStudioVersion = 10.0.40219.1
Project("{FAE04EC0-301F-11D3-BF4B-00C04F79EFBC}") = "BibliotecaDeLivros", "BibliotecaDeLivros.csproj", "{559088CA-C7B5-4B66-8519-80295AB4BCA4}"
EndProject
Global
	GlobalSection(SolutionConfigurationPlatforms) = preSolution
		Debug|Any CPU = Debug|Any CPU
		Release|Any CPU = Release|Any CPU
	EndGlobalSection
	GlobalSection(ProjectConfigurationPlatforms) = postSolution
		{559088CA-C7B5-4B66-8519-80295AB4BCA4}.Debug|Any CPU.ActiveCfg = Debug|Any CPU
		{559088CA-C7B5-4B66-8519-80295AB4BCA4}.Debug|Any CPU.Build.0 = Debug|Any CPU
		{559088CA-C7B5-4B66-8519-80295AB4BCA4}.Release|Any CPU.ActiveCfg = Release|Any CPU
		{559088CA-C7B5-4B66-8519-80295AB4BCA4}.Release|Any CPU.Build.0 = Release|Any CPU
	EndGlobalSection
	GlobalSection(SolutionProperties) = preSolution
		HideSolutionNode = FALSE
	EndGlobalSection
	GlobalSection(ExtensibilityGlobals) = postSolution
		SolutionGuid = {0D7BDACC-A1D5-4AE0-9BEB-17F4E152B587}
	EndGlobalSection
EndGlobal
